
Microsoft Visual Studio Solution File, Format Version 12.00
# Visual Studio Version 17
VisualStudioVersion = 17.7.34221.43
MinimumVisualStudioVersion = 10.0.40219.1
Project("{FAE04EC0-301F-11D3-BF4B-00C04F79EFBC}") = "Logical-Question", "Logical-Question\Logical-Question.csproj", "{1A89EE9B-78B1-4E5E-9CE5-F1A768A2F85E}"
EndProject
Global
	GlobalSection(SolutionConfigurationPlatforms) = preSolution
		Debug|Any CPU = Debug|Any CPU
		Release|Any CPU = Release|Any CPU
	EndGlobalSection
	GlobalSection(ProjectConfigurationPlatforms) = postSolution
		{1A89EE9B-78B1-4E5E-9CE5-F1A768A2F85E}.Debug|Any CPU.ActiveCfg = Debug|Any CPU
		{1A89EE9B-78B1-4E5E-9CE5-F1A768A2F85E}.Debug|Any CPU.Build.0 = Debug|Any CPU
		{1A89EE9B-78B1-4E5E-9CE5-F1A768A2F85E}.Release|Any CPU.ActiveCfg = Release|Any CPU
		{1A89EE9B-78B1-4E5E-9CE5-F1A768A2F85E}.Release|Any CPU.Build.0 = Release|Any CPU
	EndGlobalSection
	GlobalSection(SolutionProperties) = preSolution
		HideSolutionNode = FALSE
	EndGlobalSection
	GlobalSection(ExtensibilityGlobals) = postSolution
		SolutionGuid = {95AFAA07-5BE5-4E5F-8209-61022F23920C}
	EndGlobalSection
EndGlobal
