
Microsoft Visual Studio Solution File, Format Version 12.00
# Visual Studio Version 17
VisualStudioVersion = 17.7.34221.43
MinimumVisualStudioVersion = 10.0.40219.1
Project("{FAE04EC0-301F-11D3-BF4B-00C04F79EFBC}") = "Abstract-Interface-Concept", "Abstract-Interface-Concept\Abstract-Interface-Concept.csproj", "{7E391D8F-96D6-4DEE-AB56-D8EE24543928}"
EndProject
Global
	GlobalSection(SolutionConfigurationPlatforms) = preSolution
		Debug|Any CPU = Debug|Any CPU
		Release|Any CPU = Release|Any CPU
	EndGlobalSection
	GlobalSection(ProjectConfigurationPlatforms) = postSolution
		{7E391D8F-96D6-4DEE-AB56-D8EE24543928}.Debug|Any CPU.ActiveCfg = Debug|Any CPU
		{7E391D8F-96D6-4DEE-AB56-D8EE24543928}.Debug|Any CPU.Build.0 = Debug|Any CPU
		{7E391D8F-96D6-4DEE-AB56-D8EE24543928}.Release|Any CPU.ActiveCfg = Release|Any CPU
		{7E391D8F-96D6-4DEE-AB56-D8EE24543928}.Release|Any CPU.Build.0 = Release|Any CPU
	EndGlobalSection
	GlobalSection(SolutionProperties) = preSolution
		HideSolutionNode = FALSE
	EndGlobalSection
	GlobalSection(ExtensibilityGlobals) = postSolution
		SolutionGuid = {80B2F8A1-5A0C-4FC2-9FC6-E7EE483199BB}
	EndGlobalSection
EndGlobal
